// !$*UTF8*$!
{
	archiveVersion = 1;
	classes = {
	};
	objectVersion = 55;
	objects = {

/* Begin PBXBuildFile section */
		2C189EF427DEF28B00BD3B8D /* wordsEasy.txt in Resources */ = {isa = PBXBuildFile; fileRef = 2C189EF327DEF28B00BD3B8D /* wordsEasy.txt */; };
		2CFAC6F627DF116E00F7D547 /* InterstitialAdObject.swift .swift in Sources */ = {isa = PBXBuildFile; fileRef = 2CFAC6F527DF116E00F7D547 /* InterstitialAdObject.swift .swift */; };
		2CFAC6F827DF11A300F7D547 /* InterstitialAdView.swift .swift in Sources */ = {isa = PBXBuildFile; fileRef = 2CFAC6F727DF11A300F7D547 /* InterstitialAdView.swift .swift */; };
		2CFAC6FA27DF11DF00F7D547 /* FullScreenModifier.swift .swift in Sources */ = {isa = PBXBuildFile; fileRef = 2CFAC6F927DF11DF00F7D547 /* FullScreenModifier.swift .swift */; };
		2CFAC6FC27DF1B1600F7D547 /* RewardedAdObject .swift in Sources */ = {isa = PBXBuildFile; fileRef = 2CFAC6FB27DF1B1600F7D547 /* RewardedAdObject .swift */; };
		2CFAC6FE27DF1B4A00F7D547 /* RewardedAdView.swift in Sources */ = {isa = PBXBuildFile; fileRef = 2CFAC6FD27DF1B4A00F7D547 /* RewardedAdView.swift */; };
		75D61FA76F5224A0D22B6E50 /* Pods_Wordle_Fight.framework in Frameworks */ = {isa = PBXBuildFile; fileRef = A3AAEF5E25BE7C95BC0BEE8B /* Pods_Wordle_Fight.framework */; };
		BFC00AFF27CDE3FD007619BC /* wordleFight.swift in Sources */ = {isa = PBXBuildFile; fileRef = BFC00AFE27CDE3FD007619BC /* wordleFight.swift */; };
		BFC00B0127CDE3FD007619BC /* GameView.swift in Sources */ = {isa = PBXBuildFile; fileRef = BFC00B0027CDE3FD007619BC /* GameView.swift */; };
		BFC00B0327CDE3FF007619BC /* Assets.xcassets in Resources */ = {isa = PBXBuildFile; fileRef = BFC00B0227CDE3FF007619BC /* Assets.xcassets */; };
		BFC00B0627CDE3FF007619BC /* Preview Assets.xcassets in Resources */ = {isa = PBXBuildFile; fileRef = BFC00B0527CDE3FF007619BC /* Preview Assets.xcassets */; };
		BFC00B0D27CDE6F2007619BC /* Launch Screen.storyboard in Resources */ = {isa = PBXBuildFile; fileRef = BFC00B0C27CDE6F2007619BC /* Launch Screen.storyboard */; };
		BFC00B1027CDEE91007619BC /* Color+Extensions.swift in Sources */ = {isa = PBXBuildFile; fileRef = BFC00B0F27CDEE91007619BC /* Color+Extensions.swift */; };
		BFC00B1327CDF00E007619BC /* Guess.swift in Sources */ = {isa = PBXBuildFile; fileRef = BFC00B1227CDF00E007619BC /* Guess.swift */; };
		BFC00B1627CDF168007619BC /* GuessView.swift in Sources */ = {isa = PBXBuildFile; fileRef = BFC00B1527CDF168007619BC /* GuessView.swift */; };
		BFC00B1927CDF3D0007619BC /* WordleDataModel.swift in Sources */ = {isa = PBXBuildFile; fileRef = BFC00B1827CDF3D0007619BC /* WordleDataModel.swift */; };
		BFC00B1B27CDF558007619BC /* Global.swift in Sources */ = {isa = PBXBuildFile; fileRef = BFC00B1A27CDF558007619BC /* Global.swift */; };
		BFC00B1D27CDFF20007619BC /* LetterButtonView.swift in Sources */ = {isa = PBXBuildFile; fileRef = BFC00B1C27CDFF20007619BC /* LetterButtonView.swift */; };
		BFC00B1F27CE0155007619BC /* Keyboard.swift in Sources */ = {isa = PBXBuildFile; fileRef = BFC00B1E27CE0155007619BC /* Keyboard.swift */; };
		BFC00B2227CE325E007619BC /* Shake.swift in Sources */ = {isa = PBXBuildFile; fileRef = BFC00B2127CE325E007619BC /* Shake.swift */; };
		BFC00B2427CE5353007619BC /* FlipView.swift in Sources */ = {isa = PBXBuildFile; fileRef = BFC00B2327CE5353007619BC /* FlipView.swift */; };
		BFC00B2627CE6414007619BC /* ToastView.swift in Sources */ = {isa = PBXBuildFile; fileRef = BFC00B2527CE6414007619BC /* ToastView.swift */; };
		BFC00B2827CE6AB9007619BC /* Statistic.swift in Sources */ = {isa = PBXBuildFile; fileRef = BFC00B2727CE6AB9007619BC /* Statistic.swift */; };
		BFC00B2A27CE736A007619BC /* StatsView.swift in Sources */ = {isa = PBXBuildFile; fileRef = BFC00B2927CE736A007619BC /* StatsView.swift */; };
		BFC00B2C27CE7C33007619BC /* UIWindow+Extension.swift in Sources */ = {isa = PBXBuildFile; fileRef = BFC00B2B27CE7C33007619BC /* UIWindow+Extension.swift */; };
		BFC00B2E27CE8CF4007619BC /* ColorSchemeManager.swift in Sources */ = {isa = PBXBuildFile; fileRef = BFC00B2D27CE8CF3007619BC /* ColorSchemeManager.swift */; };
		BFC00B3027CE8DD4007619BC /* SettingsView.swift in Sources */ = {isa = PBXBuildFile; fileRef = BFC00B2F27CE8DD4007619BC /* SettingsView.swift */; };
		BFC00B3227CE9463007619BC /* HelpView.swift in Sources */ = {isa = PBXBuildFile; fileRef = BFC00B3127CE9463007619BC /* HelpView.swift */; };
		BFC00B3527CE9800007619BC /* UbiquitousStore.swift in Sources */ = {isa = PBXBuildFile; fileRef = BFC00B3427CE9800007619BC /* UbiquitousStore.swift */; };
/* End PBXBuildFile section */

/* Begin PBXFileReference section */
		2C189EF327DEF28B00BD3B8D /* wordsEasy.txt */ = {isa = PBXFileReference; fileEncoding = 4; lastKnownFileType = text; path = wordsEasy.txt; sourceTree = "<group>"; };
		2CFAC6F427DF103200F7D547 /* Wordle-Fight-Info.plist */ = {isa = PBXFileReference; lastKnownFileType = text.plist; path = "Wordle-Fight-Info.plist"; sourceTree = SOURCE_ROOT; };
		2CFAC6F527DF116E00F7D547 /* InterstitialAdObject.swift .swift */ = {isa = PBXFileReference; lastKnownFileType = sourcecode.swift; path = "InterstitialAdObject.swift .swift"; sourceTree = "<group>"; };
		2CFAC6F727DF11A300F7D547 /* InterstitialAdView.swift .swift */ = {isa = PBXFileReference; lastKnownFileType = sourcecode.swift; path = "InterstitialAdView.swift .swift"; sourceTree = "<group>"; };
		2CFAC6F927DF11DF00F7D547 /* FullScreenModifier.swift .swift */ = {isa = PBXFileReference; lastKnownFileType = sourcecode.swift; path = "FullScreenModifier.swift .swift"; sourceTree = "<group>"; };
		2CFAC6FB27DF1B1600F7D547 /* RewardedAdObject .swift */ = {isa = PBXFileReference; lastKnownFileType = sourcecode.swift; path = "RewardedAdObject .swift"; sourceTree = "<group>"; };
		2CFAC6FD27DF1B4A00F7D547 /* RewardedAdView.swift */ = {isa = PBXFileReference; lastKnownFileType = sourcecode.swift; path = RewardedAdView.swift; sourceTree = "<group>"; };
		3E9F57B32DC95DAB95529D07 /* Pods-Wordle Fight.release.xcconfig */ = {isa = PBXFileReference; includeInIndex = 1; lastKnownFileType = text.xcconfig; name = "Pods-Wordle Fight.release.xcconfig"; path = "Target Support Files/Pods-Wordle Fight/Pods-Wordle Fight.release.xcconfig"; sourceTree = "<group>"; };
		A3AAEF5E25BE7C95BC0BEE8B /* Pods_Wordle_Fight.framework */ = {isa = PBXFileReference; explicitFileType = wrapper.framework; includeInIndex = 0; path = Pods_Wordle_Fight.framework; sourceTree = BUILT_PRODUCTS_DIR; };
		B6E8F7068E82DE394116F6CA /* Pods-Wordle Fight.debug.xcconfig */ = {isa = PBXFileReference; includeInIndex = 1; lastKnownFileType = text.xcconfig; name = "Pods-Wordle Fight.debug.xcconfig"; path = "Target Support Files/Pods-Wordle Fight/Pods-Wordle Fight.debug.xcconfig"; sourceTree = "<group>"; };
		BFC00AFB27CDE3FD007619BC /* Wordle Fight.app */ = {isa = PBXFileReference; explicitFileType = wrapper.application; includeInIndex = 0; path = "Wordle Fight.app"; sourceTree = BUILT_PRODUCTS_DIR; };
		BFC00AFE27CDE3FD007619BC /* wordleFight.swift */ = {isa = PBXFileReference; lastKnownFileType = sourcecode.swift; path = wordleFight.swift; sourceTree = "<group>"; };
		BFC00B0027CDE3FD007619BC /* GameView.swift */ = {isa = PBXFileReference; lastKnownFileType = sourcecode.swift; path = GameView.swift; sourceTree = "<group>"; };
		BFC00B0227CDE3FF007619BC /* Assets.xcassets */ = {isa = PBXFileReference; lastKnownFileType = folder.assetcatalog; path = Assets.xcassets; sourceTree = "<group>"; };
		BFC00B0527CDE3FF007619BC /* Preview Assets.xcassets */ = {isa = PBXFileReference; lastKnownFileType = folder.assetcatalog; path = "Preview Assets.xcassets"; sourceTree = "<group>"; };
		BFC00B0C27CDE6F2007619BC /* Launch Screen.storyboard */ = {isa = PBXFileReference; lastKnownFileType = file.storyboard; path = "Launch Screen.storyboard"; sourceTree = "<group>"; };
		BFC00B0F27CDEE91007619BC /* Color+Extensions.swift */ = {isa = PBXFileReference; lastKnownFileType = sourcecode.swift; path = "Color+Extensions.swift"; sourceTree = "<group>"; };
		BFC00B1227CDF00E007619BC /* Guess.swift */ = {isa = PBXFileReference; lastKnownFileType = sourcecode.swift; path = Guess.swift; sourceTree = "<group>"; };
		BFC00B1527CDF168007619BC /* GuessView.swift */ = {isa = PBXFileReference; lastKnownFileType = sourcecode.swift; path = GuessView.swift; sourceTree = "<group>"; };
		BFC00B1827CDF3D0007619BC /* WordleDataModel.swift */ = {isa = PBXFileReference; lastKnownFileType = sourcecode.swift; path = WordleDataModel.swift; sourceTree = "<group>"; };
		BFC00B1A27CDF558007619BC /* Global.swift */ = {isa = PBXFileReference; lastKnownFileType = sourcecode.swift; path = Global.swift; sourceTree = "<group>"; };
		BFC00B1C27CDFF20007619BC /* LetterButtonView.swift */ = {isa = PBXFileReference; lastKnownFileType = sourcecode.swift; path = LetterButtonView.swift; sourceTree = "<group>"; };
		BFC00B1E27CE0155007619BC /* Keyboard.swift */ = {isa = PBXFileReference; lastKnownFileType = sourcecode.swift; path = Keyboard.swift; sourceTree = "<group>"; };
		BFC00B2127CE325E007619BC /* Shake.swift */ = {isa = PBXFileReference; lastKnownFileType = sourcecode.swift; path = Shake.swift; sourceTree = "<group>"; };
		BFC00B2327CE5353007619BC /* FlipView.swift */ = {isa = PBXFileReference; lastKnownFileType = sourcecode.swift; path = FlipView.swift; sourceTree = "<group>"; };
		BFC00B2527CE6414007619BC /* ToastView.swift */ = {isa = PBXFileReference; lastKnownFileType = sourcecode.swift; path = ToastView.swift; sourceTree = "<group>"; };
		BFC00B2727CE6AB9007619BC /* Statistic.swift */ = {isa = PBXFileReference; lastKnownFileType = sourcecode.swift; path = Statistic.swift; sourceTree = "<group>"; };
		BFC00B2927CE736A007619BC /* StatsView.swift */ = {isa = PBXFileReference; lastKnownFileType = sourcecode.swift; path = StatsView.swift; sourceTree = "<group>"; };
		BFC00B2B27CE7C33007619BC /* UIWindow+Extension.swift */ = {isa = PBXFileReference; lastKnownFileType = sourcecode.swift; path = "UIWindow+Extension.swift"; sourceTree = "<group>"; };
		BFC00B2D27CE8CF3007619BC /* ColorSchemeManager.swift */ = {isa = PBXFileReference; lastKnownFileType = sourcecode.swift; path = ColorSchemeManager.swift; sourceTree = "<group>"; };
		BFC00B2F27CE8DD4007619BC /* SettingsView.swift */ = {isa = PBXFileReference; lastKnownFileType = sourcecode.swift; path = SettingsView.swift; sourceTree = "<group>"; };
		BFC00B3127CE9463007619BC /* HelpView.swift */ = {isa = PBXFileReference; lastKnownFileType = sourcecode.swift; path = HelpView.swift; sourceTree = "<group>"; };
		BFC00B3327CE96FF007619BC /* wordlefight.entitlements */ = {isa = PBXFileReference; lastKnownFileType = text.plist.entitlements; path = wordlefight.entitlements; sourceTree = "<group>"; };
		BFC00B3427CE9800007619BC /* UbiquitousStore.swift */ = {isa = PBXFileReference; fileEncoding = 4; lastKnownFileType = sourcecode.swift; path = UbiquitousStore.swift; sourceTree = "<group>"; };
/* End PBXFileReference section */

/* Begin PBXFrameworksBuildPhase section */
		BFC00AF827CDE3FD007619BC /* Frameworks */ = {
			isa = PBXFrameworksBuildPhase;
			buildActionMask = 2147483647;
			files = (
				75D61FA76F5224A0D22B6E50 /* Pods_Wordle_Fight.framework in Frameworks */,
			);
			runOnlyForDeploymentPostprocessing = 0;
		};
/* End PBXFrameworksBuildPhase section */

/* Begin PBXGroup section */
		45734325367C4CFFE114F835 /* Pods */ = {
			isa = PBXGroup;
			children = (
				B6E8F7068E82DE394116F6CA /* Pods-Wordle Fight.debug.xcconfig */,
				3E9F57B32DC95DAB95529D07 /* Pods-Wordle Fight.release.xcconfig */,
			);
			path = Pods;
			sourceTree = "<group>";
		};
		BE907A905C3806B5A12FBD34 /* Frameworks */ = {
			isa = PBXGroup;
			children = (
				A3AAEF5E25BE7C95BC0BEE8B /* Pods_Wordle_Fight.framework */,
			);
			name = Frameworks;
			sourceTree = "<group>";
		};
		BFC00AF227CDE3FD007619BC = {
			isa = PBXGroup;
			children = (
				BFC00AFD27CDE3FD007619BC /* Wordle Fight */,
				BFC00AFC27CDE3FD007619BC /* Products */,
				45734325367C4CFFE114F835 /* Pods */,
				BE907A905C3806B5A12FBD34 /* Frameworks */,
			);
			sourceTree = "<group>";
		};
		BFC00AFC27CDE3FD007619BC /* Products */ = {
			isa = PBXGroup;
			children = (
				BFC00AFB27CDE3FD007619BC /* Wordle Fight.app */,
			);
			name = Products;
			sourceTree = "<group>";
		};
		BFC00AFD27CDE3FD007619BC /* Wordle Fight */ = {
			isa = PBXGroup;
			children = (
				2CFAC6F427DF103200F7D547 /* Wordle-Fight-Info.plist */,
				BFC00B3327CE96FF007619BC /* wordlefight.entitlements */,
				BFC00AFE27CDE3FD007619BC /* wordleFight.swift */,
				BFC00B1727CDF3B2007619BC /* ViewModels */,
				BFC00B1127CDEFDD007619BC /* Models */,
				BFC00B1427CDF12C007619BC /* Views */,
				BFC00B0E27CDEE63007619BC /* Extensions */,
				BFC00B2027CE322D007619BC /* Animations */,
				BFC00B0227CDE3FF007619BC /* Assets.xcassets */,
				BFC00B0C27CDE6F2007619BC /* Launch Screen.storyboard */,
				BFC00B0427CDE3FF007619BC /* Preview Content */,
			);
			path = "Wordle Fight";
			sourceTree = "<group>";
		};
		BFC00B0427CDE3FF007619BC /* Preview Content */ = {
			isa = PBXGroup;
			children = (
				BFC00B0527CDE3FF007619BC /* Preview Assets.xcassets */,
			);
			path = "Preview Content";
			sourceTree = "<group>";
		};
		BFC00B0E27CDEE63007619BC /* Extensions */ = {
			isa = PBXGroup;
			children = (
				BFC00B0F27CDEE91007619BC /* Color+Extensions.swift */,
				BFC00B2B27CE7C33007619BC /* UIWindow+Extension.swift */,
			);
			path = Extensions;
			sourceTree = "<group>";
		};
		BFC00B1127CDEFDD007619BC /* Models */ = {
			isa = PBXGroup;
			children = (
				BFC00B1227CDF00E007619BC /* Guess.swift */,
				BFC00B1A27CDF558007619BC /* Global.swift */,
				2C189EF327DEF28B00BD3B8D /* wordsEasy.txt */,
				BFC00B2727CE6AB9007619BC /* Statistic.swift */,
				BFC00B3427CE9800007619BC /* UbiquitousStore.swift */,
				2CFAC6FB27DF1B1600F7D547 /* RewardedAdObject .swift */,
				2CFAC6FD27DF1B4A00F7D547 /* RewardedAdView.swift */,
				2CFAC6F527DF116E00F7D547 /* InterstitialAdObject.swift .swift */,
				2CFAC6F727DF11A300F7D547 /* InterstitialAdView.swift .swift */,
				2CFAC6F927DF11DF00F7D547 /* FullScreenModifier.swift .swift */,
			);
			path = Models;
			sourceTree = "<group>";
		};
		BFC00B1427CDF12C007619BC /* Views */ = {
			isa = PBXGroup;
			children = (
				BFC00B0027CDE3FD007619BC /* GameView.swift */,
				BFC00B1527CDF168007619BC /* GuessView.swift */,
				BFC00B1C27CDFF20007619BC /* LetterButtonView.swift */,
				BFC00B1E27CE0155007619BC /* Keyboard.swift */,
				BFC00B2527CE6414007619BC /* ToastView.swift */,
				BFC00B2927CE736A007619BC /* StatsView.swift */,
				BFC00B2F27CE8DD4007619BC /* SettingsView.swift */,
				BFC00B3127CE9463007619BC /* HelpView.swift */,
			);
			path = Views;
			sourceTree = "<group>";
		};
		BFC00B1727CDF3B2007619BC /* ViewModels */ = {
			isa = PBXGroup;
			children = (
				BFC00B1827CDF3D0007619BC /* WordleDataModel.swift */,
				BFC00B2D27CE8CF3007619BC /* ColorSchemeManager.swift */,
			);
			path = ViewModels;
			sourceTree = "<group>";
		};
		BFC00B2027CE322D007619BC /* Animations */ = {
			isa = PBXGroup;
			children = (
				BFC00B2127CE325E007619BC /* Shake.swift */,
				BFC00B2327CE5353007619BC /* FlipView.swift */,
			);
			path = Animations;
			sourceTree = "<group>";
		};
/* End PBXGroup section */

/* Begin PBXNativeTarget section */
		BFC00AFA27CDE3FD007619BC /* Wordle Fight */ = {
			isa = PBXNativeTarget;
			buildConfigurationList = BFC00B0927CDE3FF007619BC /* Build configuration list for PBXNativeTarget "Wordle Fight" */;
			buildPhases = (
				CD5A7F3101B4A970D35871F7 /* [CP] Check Pods Manifest.lock */,
				BFC00AF727CDE3FD007619BC /* Sources */,
				BFC00AF827CDE3FD007619BC /* Frameworks */,
				BFC00AF927CDE3FD007619BC /* Resources */,
				E7F8124953C6F60990A9E5A9 /* [CP] Embed Pods Frameworks */,
			);
			buildRules = (
			);
			dependencies = (
			);
			name = "Wordle Fight";
			productName = wordleclone;
			productReference = BFC00AFB27CDE3FD007619BC /* Wordle Fight.app */;
			productType = "com.apple.product-type.application";
		};
/* End PBXNativeTarget section */

/* Begin PBXProject section */
		BFC00AF327CDE3FD007619BC /* Project object */ = {
			isa = PBXProject;
			attributes = {
				BuildIndependentTargetsInParallel = 1;
				LastSwiftUpdateCheck = 1320;
				LastUpgradeCheck = 1320;
				TargetAttributes = {
					BFC00AFA27CDE3FD007619BC = {
						CreatedOnToolsVersion = 13.2.1;
					};
				};
			};
			buildConfigurationList = BFC00AF627CDE3FD007619BC /* Build configuration list for PBXProject "Wordle Fight" */;
			compatibilityVersion = "Xcode 13.0";
			developmentRegion = en;
			hasScannedForEncodings = 0;
			knownRegions = (
				en,
				Base,
			);
			mainGroup = BFC00AF227CDE3FD007619BC;
			productRefGroup = BFC00AFC27CDE3FD007619BC /* Products */;
			projectDirPath = "";
			projectRoot = "";
			targets = (
				BFC00AFA27CDE3FD007619BC /* Wordle Fight */,
			);
		};
/* End PBXProject section */

/* Begin PBXResourcesBuildPhase section */
		BFC00AF927CDE3FD007619BC /* Resources */ = {
			isa = PBXResourcesBuildPhase;
			buildActionMask = 2147483647;
			files = (
				2C189EF427DEF28B00BD3B8D /* wordsEasy.txt in Resources */,
				BFC00B0D27CDE6F2007619BC /* Launch Screen.storyboard in Resources */,
				BFC00B0627CDE3FF007619BC /* Preview Assets.xcassets in Resources */,
				BFC00B0327CDE3FF007619BC /* Assets.xcassets in Resources */,
			);
			runOnlyForDeploymentPostprocessing = 0;
		};
/* End PBXResourcesBuildPhase section */

/* Begin PBXShellScriptBuildPhase section */
		CD5A7F3101B4A970D35871F7 /* [CP] Check Pods Manifest.lock */ = {
			isa = PBXShellScriptBuildPhase;
			buildActionMask = 2147483647;
			files = (
			);
			inputFileListPaths = (
			);
			inputPaths = (
				"${PODS_PODFILE_DIR_PATH}/Podfile.lock",
				"${PODS_ROOT}/Manifest.lock",
			);
			name = "[CP] Check Pods Manifest.lock";
			outputFileListPaths = (
			);
			outputPaths = (
				"$(DERIVED_FILE_DIR)/Pods-Wordle Fight-checkManifestLockResult.txt",
			);
			runOnlyForDeploymentPostprocessing = 0;
			shellPath = /bin/sh;
			shellScript = "diff \"${PODS_PODFILE_DIR_PATH}/Podfile.lock\" \"${PODS_ROOT}/Manifest.lock\" > /dev/null\nif [ $? != 0 ] ; then\n    # print error to STDERR\n    echo \"error: The sandbox is not in sync with the Podfile.lock. Run 'pod install' or update your CocoaPods installation.\" >&2\n    exit 1\nfi\n# This output is used by Xcode 'outputs' to avoid re-running this script phase.\necho \"SUCCESS\" > \"${SCRIPT_OUTPUT_FILE_0}\"\n";
			showEnvVarsInLog = 0;
		};
		E7F8124953C6F60990A9E5A9 /* [CP] Embed Pods Frameworks */ = {
			isa = PBXShellScriptBuildPhase;
			buildActionMask = 2147483647;
			files = (
			);
			inputFileListPaths = (
				"${PODS_ROOT}/Target Support Files/Pods-Wordle Fight/Pods-Wordle Fight-frameworks-${CONFIGURATION}-input-files.xcfilelist",
			);
			name = "[CP] Embed Pods Frameworks";
			outputFileListPaths = (
				"${PODS_ROOT}/Target Support Files/Pods-Wordle Fight/Pods-Wordle Fight-frameworks-${CONFIGURATION}-output-files.xcfilelist",
			);
			runOnlyForDeploymentPostprocessing = 0;
			shellPath = /bin/sh;
			shellScript = "\"${PODS_ROOT}/Target Support Files/Pods-Wordle Fight/Pods-Wordle Fight-frameworks.sh\"\n";
			showEnvVarsInLog = 0;
		};
/* End PBXShellScriptBuildPhase section */

/* Begin PBXSourcesBuildPhase section */
		BFC00AF727CDE3FD007619BC /* Sources */ = {
			isa = PBXSourcesBuildPhase;
			buildActionMask = 2147483647;
			files = (
				2CFAC6FA27DF11DF00F7D547 /* FullScreenModifier.swift .swift in Sources */,
				BFC00B1D27CDFF20007619BC /* LetterButtonView.swift in Sources */,
				BFC00B2427CE5353007619BC /* FlipView.swift in Sources */,
				BFC00B2E27CE8CF4007619BC /* ColorSchemeManager.swift in Sources */,
				BFC00B3527CE9800007619BC /* UbiquitousStore.swift in Sources */,
				BFC00B0127CDE3FD007619BC /* GameView.swift in Sources */,
				BFC00B1627CDF168007619BC /* GuessView.swift in Sources */,
				BFC00B3027CE8DD4007619BC /* SettingsView.swift in Sources */,
				BFC00B2627CE6414007619BC /* ToastView.swift in Sources */,
				BFC00B1F27CE0155007619BC /* Keyboard.swift in Sources */,
				BFC00B1327CDF00E007619BC /* Guess.swift in Sources */,
				BFC00AFF27CDE3FD007619BC /* wordleFight.swift in Sources */,
				BFC00B2227CE325E007619BC /* Shake.swift in Sources */,
				2CFAC6FE27DF1B4A00F7D547 /* RewardedAdView.swift in Sources */,
				2CFAC6F627DF116E00F7D547 /* InterstitialAdObject.swift .swift in Sources */,
				BFC00B1927CDF3D0007619BC /* WordleDataModel.swift in Sources */,
				BFC00B1027CDEE91007619BC /* Color+Extensions.swift in Sources */,
				BFC00B3227CE9463007619BC /* HelpView.swift in Sources */,
				2CFAC6FC27DF1B1600F7D547 /* RewardedAdObject .swift in Sources */,
				BFC00B2C27CE7C33007619BC /* UIWindow+Extension.swift in Sources */,
				BFC00B1B27CDF558007619BC /* Global.swift in Sources */,
				BFC00B2A27CE736A007619BC /* StatsView.swift in Sources */,
				BFC00B2827CE6AB9007619BC /* Statistic.swift in Sources */,
				2CFAC6F827DF11A300F7D547 /* InterstitialAdView.swift .swift in Sources */,
			);
			runOnlyForDeploymentPostprocessing = 0;
		};
/* End PBXSourcesBuildPhase section */

/* Begin XCBuildConfiguration section */
		BFC00B0727CDE3FF007619BC /* Debug */ = {
			isa = XCBuildConfiguration;
			buildSettings = {
				ALWAYS_SEARCH_USER_PATHS = NO;
				CLANG_ANALYZER_NONNULL = YES;
				CLANG_ANALYZER_NUMBER_OBJECT_CONVERSION = YES_AGGRESSIVE;
				CLANG_CXX_LANGUAGE_STANDARD = "gnu++17";
				CLANG_CXX_LIBRARY = "libc++";
				CLANG_ENABLE_MODULES = YES;
				CLANG_ENABLE_OBJC_ARC = YES;
				CLANG_ENABLE_OBJC_WEAK = YES;
				CLANG_WARN_BLOCK_CAPTURE_AUTORELEASING = YES;
				CLANG_WARN_BOOL_CONVERSION = YES;
				CLANG_WARN_COMMA = YES;
				CLANG_WARN_CONSTANT_CONVERSION = YES;
				CLANG_WARN_DEPRECATED_OBJC_IMPLEMENTATIONS = YES;
				CLANG_WARN_DIRECT_OBJC_ISA_USAGE = YES_ERROR;
				CLANG_WARN_DOCUMENTATION_COMMENTS = YES;
				CLANG_WARN_EMPTY_BODY = YES;
				CLANG_WARN_ENUM_CONVERSION = YES;
				CLANG_WARN_INFINITE_RECURSION = YES;
				CLANG_WARN_INT_CONVERSION = YES;
				CLANG_WARN_NON_LITERAL_NULL_CONVERSION = YES;
				CLANG_WARN_OBJC_IMPLICIT_RETAIN_SELF = YES;
				CLANG_WARN_OBJC_LITERAL_CONVERSION = YES;
				CLANG_WARN_OBJC_ROOT_CLASS = YES_ERROR;
				CLANG_WARN_QUOTED_INCLUDE_IN_FRAMEWORK_HEADER = YES;
				CLANG_WARN_RANGE_LOOP_ANALYSIS = YES;
				CLANG_WARN_STRICT_PROTOTYPES = YES;
				CLANG_WARN_SUSPICIOUS_MOVE = YES;
				CLANG_WARN_UNGUARDED_AVAILABILITY = YES_AGGRESSIVE;
				CLANG_WARN_UNREACHABLE_CODE = YES;
				CLANG_WARN__DUPLICATE_METHOD_MATCH = YES;
				COPY_PHASE_STRIP = NO;
				DEBUG_INFORMATION_FORMAT = dwarf;
				ENABLE_STRICT_OBJC_MSGSEND = YES;
				ENABLE_TESTABILITY = YES;
				GCC_C_LANGUAGE_STANDARD = gnu11;
				GCC_DYNAMIC_NO_PIC = NO;
				GCC_NO_COMMON_BLOCKS = YES;
				GCC_OPTIMIZATION_LEVEL = 0;
				GCC_PREPROCESSOR_DEFINITIONS = (
					"DEBUG=1",
					"$(inherited)",
				);
				GCC_WARN_64_TO_32_BIT_CONVERSION = YES;
				GCC_WARN_ABOUT_RETURN_TYPE = YES_ERROR;
				GCC_WARN_UNDECLARED_SELECTOR = YES;
				GCC_WARN_UNINITIALIZED_AUTOS = YES_AGGRESSIVE;
				GCC_WARN_UNUSED_FUNCTION = YES;
				GCC_WARN_UNUSED_VARIABLE = YES;
				IPHONEOS_DEPLOYMENT_TARGET = 15.2;
				MTL_ENABLE_DEBUG_INFO = INCLUDE_SOURCE;
				MTL_FAST_MATH = YES;
				ONLY_ACTIVE_ARCH = YES;
				SDKROOT = iphoneos;
				SWIFT_ACTIVE_COMPILATION_CONDITIONS = DEBUG;
				SWIFT_OPTIMIZATION_LEVEL = "-Onone";
			};
			name = Debug;
		};
		BFC00B0827CDE3FF007619BC /* Release */ = {
			isa = XCBuildConfiguration;
			buildSettings = {
				ALWAYS_SEARCH_USER_PATHS = NO;
				CLANG_ANALYZER_NONNULL = YES;
				CLANG_ANALYZER_NUMBER_OBJECT_CONVERSION = YES_AGGRESSIVE;
				CLANG_CXX_LANGUAGE_STANDARD = "gnu++17";
				CLANG_CXX_LIBRARY = "libc++";
				CLANG_ENABLE_MODULES = YES;
				CLANG_ENABLE_OBJC_ARC = YES;
				CLANG_ENABLE_OBJC_WEAK = YES;
				CLANG_WARN_BLOCK_CAPTURE_AUTORELEASING = YES;
				CLANG_WARN_BOOL_CONVERSION = YES;
				CLANG_WARN_COMMA = YES;
				CLANG_WARN_CONSTANT_CONVERSION = YES;
				CLANG_WARN_DEPRECATED_OBJC_IMPLEMENTATIONS = YES;
				CLANG_WARN_DIRECT_OBJC_ISA_USAGE = YES_ERROR;
				CLANG_WARN_DOCUMENTATION_COMMENTS = YES;
				CLANG_WARN_EMPTY_BODY = YES;
				CLANG_WARN_ENUM_CONVERSION = YES;
				CLANG_WARN_INFINITE_RECURSION = YES;
				CLANG_WARN_INT_CONVERSION = YES;
				CLANG_WARN_NON_LITERAL_NULL_CONVERSION = YES;
				CLANG_WARN_OBJC_IMPLICIT_RETAIN_SELF = YES;
				CLANG_WARN_OBJC_LITERAL_CONVERSION = YES;
				CLANG_WARN_OBJC_ROOT_CLASS = YES_ERROR;
				CLANG_WARN_QUOTED_INCLUDE_IN_FRAMEWORK_HEADER = YES;
				CLANG_WARN_RANGE_LOOP_ANALYSIS = YES;
				CLANG_WARN_STRICT_PROTOTYPES = YES;
				CLANG_WARN_SUSPICIOUS_MOVE = YES;
				CLANG_WARN_UNGUARDED_AVAILABILITY = YES_AGGRESSIVE;
				CLANG_WARN_UNREACHABLE_CODE = YES;
				CLANG_WARN__DUPLICATE_METHOD_MATCH = YES;
				COPY_PHASE_STRIP = NO;
				DEBUG_INFORMATION_FORMAT = "dwarf-with-dsym";
				ENABLE_NS_ASSERTIONS = NO;
				ENABLE_STRICT_OBJC_MSGSEND = YES;
				GCC_C_LANGUAGE_STANDARD = gnu11;
				GCC_NO_COMMON_BLOCKS = YES;
				GCC_WARN_64_TO_32_BIT_CONVERSION = YES;
				GCC_WARN_ABOUT_RETURN_TYPE = YES_ERROR;
				GCC_WARN_UNDECLARED_SELECTOR = YES;
				GCC_WARN_UNINITIALIZED_AUTOS = YES_AGGRESSIVE;
				GCC_WARN_UNUSED_FUNCTION = YES;
				GCC_WARN_UNUSED_VARIABLE = YES;
				IPHONEOS_DEPLOYMENT_TARGET = 15.2;
				MTL_ENABLE_DEBUG_INFO = NO;
				MTL_FAST_MATH = YES;
				SDKROOT = iphoneos;
				SWIFT_COMPILATION_MODE = wholemodule;
				SWIFT_OPTIMIZATION_LEVEL = "-O";
				VALIDATE_PRODUCT = YES;
			};
			name = Release;
		};
		BFC00B0A27CDE3FF007619BC /* Debug */ = {
			isa = XCBuildConfiguration;
			baseConfigurationReference = B6E8F7068E82DE394116F6CA /* Pods-Wordle Fight.debug.xcconfig */;
			buildSettings = {
				ASSETCATALOG_COMPILER_APPICON_NAME = AppIcon;
				ASSETCATALOG_COMPILER_GLOBAL_ACCENT_COLOR_NAME = AccentColor;
				CODE_SIGN_ENTITLEMENTS = "Wordle Fight/wordlefight.entitlements";
				CODE_SIGN_IDENTITY = "Apple Development";
				CODE_SIGN_STYLE = Automatic;
				CURRENT_PROJECT_VERSION = 1;
				DEVELOPMENT_ASSET_PATHS = "\"Wordle Fight/Preview Content\"";
				DEVELOPMENT_TEAM = FESSFMN9FC;
				ENABLE_PREVIEWS = YES;
				GENERATE_INFOPLIST_FILE = YES;
				INFOPLIST_FILE = "Wordle-Fight-Info.plist";
				INFOPLIST_KEY_UIApplicationSceneManifest_Generation = YES;
				INFOPLIST_KEY_UIApplicationSupportsIndirectInputEvents = YES;
				INFOPLIST_KEY_UILaunchScreen_Generation = YES;
				INFOPLIST_KEY_UILaunchStoryboardName = "Launch Screen";
				INFOPLIST_KEY_UIRequiresFullScreen = YES;
				INFOPLIST_KEY_UISupportedInterfaceOrientations_iPad = "UIInterfaceOrientationPortrait UIInterfaceOrientationPortraitUpsideDown UIInterfaceOrientationLandscapeLeft UIInterfaceOrientationLandscapeRight";
				INFOPLIST_KEY_UISupportedInterfaceOrientations_iPhone = UIInterfaceOrientationPortrait;
				LD_RUNPATH_SEARCH_PATHS = (
					"$(inherited)",
					"@executable_path/Frameworks",
				);
				MARKETING_VERSION = 1.0;
				PRODUCT_BUNDLE_IDENTIFIER = con.il.WordFight;
				PRODUCT_NAME = "Wordle Fight";
				PROVISIONING_PROFILE_SPECIFIER = "";
				SWIFT_EMIT_LOC_STRINGS = YES;
				SWIFT_VERSION = 5.0;
				TARGETED_DEVICE_FAMILY = "1,2";
			};
			name = Debug;
		};
		BFC00B0B27CDE3FF007619BC /* Release */ = {
			isa = XCBuildConfiguration;
			baseConfigurationReference = 3E9F57B32DC95DAB95529D07 /* Pods-Wordle Fight.release.xcconfig */;
			buildSettings = {
				ASSETCATALOG_COMPILER_APPICON_NAME = AppIcon;
				ASSETCATALOG_COMPILER_GLOBAL_ACCENT_COLOR_NAME = AccentColor;
				CODE_SIGN_ENTITLEMENTS = "Wordle Fight/wordlefight.entitlements";
				CODE_SIGN_IDENTITY = "Apple Development";
				CODE_SIGN_STYLE = Automatic;
				CURRENT_PROJECT_VERSION = 1;
				DEVELOPMENT_ASSET_PATHS = "\"Wordle Fight/Preview Content\"";
				DEVELOPMENT_TEAM = FESSFMN9FC;
				ENABLE_PREVIEWS = YES;
				GENERATE_INFOPLIST_FILE = YES;
				INFOPLIST_FILE = "Wordle-Fight-Info.plist";
				INFOPLIST_KEY_UIApplicationSceneManifest_Generation = YES;
				INFOPLIST_KEY_UIApplicationSupportsIndirectInputEvents = YES;
				INFOPLIST_KEY_UILaunchScreen_Generation = YES;
				INFOPLIST_KEY_UILaunchStoryboardName = "Launch Screen";
				INFOPLIST_KEY_UIRequiresFullScreen = YES;
				INFOPLIST_KEY_UISupportedInterfaceOrientations_iPad = "UIInterfaceOrientationPortrait UIInterfaceOrientationPortraitUpsideDown UIInterfaceOrientationLandscapeLeft UIInterfaceOrientationLandscapeRight";
				INFOPLIST_KEY_UISupportedInterfaceOrientations_iPhone = UIInterfaceOrientationPortrait;
				LD_RUNPATH_SEARCH_PATHS = (
					"$(inherited)",
					"@executable_path/Frameworks",
				);
				MARKETING_VERSION = 1.0;
				PRODUCT_BUNDLE_IDENTIFIER = con.il.WordFight;
				PRODUCT_NAME = "Wordle Fight";
				PROVISIONING_PROFILE_SPECIFIER = "";
				SWIFT_EMIT_LOC_STRINGS = YES;
				SWIFT_VERSION = 5.0;
				TARGETED_DEVICE_FAMILY = "1,2";
			};
			name = Release;
		};
/* End XCBuildConfiguration section */

/* Begin XCConfigurationList section */
		BFC00AF627CDE3FD007619BC /* Build configuration list for PBXProject "Wordle Fight" */ = {
			isa = XCConfigurationList;
			buildConfigurations = (
				BFC00B0727CDE3FF007619BC /* Debug */,
				BFC00B0827CDE3FF007619BC /* Release */,
			);
			defaultConfigurationIsVisible = 0;
			defaultConfigurationName = Release;
		};
		BFC00B0927CDE3FF007619BC /* Build configuration list for PBXNativeTarget "Wordle Fight" */ = {
			isa = XCConfigurationList;
			buildConfigurations = (
				BFC00B0A27CDE3FF007619BC /* Debug */,
				BFC00B0B27CDE3FF007619BC /* Release */,
			);
			defaultConfigurationIsVisible = 0;
			defaultConfigurationName = Release;
		};
/* End XCConfigurationList section */
	};
	rootObject = BFC00AF327CDE3FD007619BC /* Project object */;
}
